Microsoft Visual Studio Solution File, Format Version 12.00
# Visual Studio Version 17
VisualStudioVersion = 17.5.2.0
MinimumVisualStudioVersion = 10.0.40219.1
Project("{FAE04EC0-301F-11D3-BF4B-00C04F79EFBC}") = "BJMicroAcc_Refactor.API", "BJMicroAcc_Refactor.API.csproj", "{9CA7549F-8227-E6D7-BB63-334FCDE01D83}"
EndProject
Global
	GlobalSection(SolutionConfigurationPlatforms) = preSolution
		Debug|Any CPU = Debug|Any CPU
		Release|Any CPU = Release|Any CPU
	EndGlobalSection
	GlobalSection(ProjectConfigurationPlatforms) = postSolution
		{9CA7549F-8227-E6D7-BB63-334FCDE01D83}.Debug|Any CPU.ActiveCfg = Debug|Any CPU
		{9CA7549F-8227-E6D7-BB63-334FCDE01D83}.Debug|Any CPU.Build.0 = Debug|Any CPU
		{9CA7549F-8227-E6D7-BB63-334FCDE01D83}.Release|Any CPU.ActiveCfg = Release|Any CPU
		{9CA7549F-8227-E6D7-BB63-334FCDE01D83}.Release|Any CPU.Build.0 = Release|Any CPU
	EndGlobalSection
	GlobalSection(SolutionProperties) = preSolution
		HideSolutionNode = FALSE
	EndGlobalSection
	GlobalSection(ExtensibilityGlobals) = postSolution
		SolutionGuid = {630AC3A0-CBCA-4630-B06F-0112D8800DF1}
	EndGlobalSection
EndGlobal
